
Microsoft Visual Studio Solution File, Format Version 12.00
# Visual Studio Version 17
VisualStudioVersion = 17.4.33213.308
MinimumVisualStudioVersion = 10.0.40219.1
Project("{FAE04EC0-301F-11D3-BF4B-00C04F79EFBC}") = "ConsultorioAPI", "ConsultorioAPI\ConsultorioAPI.csproj", "{F319A011-7B4C-45A1-BFD2-6AB48FF52B03}"
EndProject
Global
	GlobalSection(SolutionConfigurationPlatforms) = preSolution
		Debug|Any CPU = Debug|Any CPU
		Release|Any CPU = Release|Any CPU
	EndGlobalSection
	GlobalSection(ProjectConfigurationPlatforms) = postSolution
		{F319A011-7B4C-45A1-BFD2-6AB48FF52B03}.Debug|Any CPU.ActiveCfg = Debug|Any CPU
		{F319A011-7B4C-45A1-BFD2-6AB48FF52B03}.Debug|Any CPU.Build.0 = Debug|Any CPU
		{F319A011-7B4C-45A1-BFD2-6AB48FF52B03}.Release|Any CPU.ActiveCfg = Release|Any CPU
		{F319A011-7B4C-45A1-BFD2-6AB48FF52B03}.Release|Any CPU.Build.0 = Release|Any CPU
	EndGlobalSection
	GlobalSection(SolutionProperties) = preSolution
		HideSolutionNode = FALSE
	EndGlobalSection
	GlobalSection(ExtensibilityGlobals) = postSolution
		SolutionGuid = {E0D199FB-8CD4-433A-A00C-8B4E30191E3F}
	EndGlobalSection
EndGlobal
